
Microsoft Visual Studio Solution File, Format Version 12.00
# Visual Studio Version 17
VisualStudioVersion = 17.8.34309.116
MinimumVisualStudioVersion = 10.0.40219.1
Project("{9A19103F-16F7-4668-BE54-9A1E7A4F7556}") = "ExampleClassLibrary", "ExampleClassLibrary\ExampleClassLibrary.csproj", "{43EFAA3C-29C4-4ADB-A110-FF9E98A0ED42}"
EndProject
Project("{9A19103F-16F7-4668-BE54-9A1E7A4F7556}") = "ExampleApp", "ExampleApp\ExampleApp.csproj", "{25B68E6D-0E75-42B3-A68E-D310F20DC9D6}"
EndProject
Project("{2150E333-8FDC-42A3-9474-1A3956D46DE8}") = "Solution Items", "Solution Items", "{EE07B7A5-A384-407F-9602-1024C977EB6C}"
	ProjectSection(SolutionItems) = preProject
		readme.md = readme.md
	EndProjectSection
EndProject
Global
	GlobalSection(SolutionConfigurationPlatforms) = preSolution
		Debug|Any CPU = Debug|Any CPU
		Release|Any CPU = Release|Any CPU
	EndGlobalSection
	GlobalSection(ProjectConfigurationPlatforms) = postSolution
		{43EFAA3C-29C4-4ADB-A110-FF9E98A0ED42}.Debug|Any CPU.ActiveCfg = Debug|Any CPU
		{43EFAA3C-29C4-4ADB-A110-FF9E98A0ED42}.Debug|Any CPU.Build.0 = Debug|Any CPU
		{43EFAA3C-29C4-4ADB-A110-FF9E98A0ED42}.Release|Any CPU.ActiveCfg = Release|Any CPU
		{43EFAA3C-29C4-4ADB-A110-FF9E98A0ED42}.Release|Any CPU.Build.0 = Release|Any CPU
		{25B68E6D-0E75-42B3-A68E-D310F20DC9D6}.Debug|Any CPU.ActiveCfg = Debug|Any CPU
		{25B68E6D-0E75-42B3-A68E-D310F20DC9D6}.Debug|Any CPU.Build.0 = Debug|Any CPU
		{25B68E6D-0E75-42B3-A68E-D310F20DC9D6}.Release|Any CPU.ActiveCfg = Release|Any CPU
		{25B68E6D-0E75-42B3-A68E-D310F20DC9D6}.Release|Any CPU.Build.0 = Release|Any CPU
	EndGlobalSection
	GlobalSection(SolutionProperties) = preSolution
		HideSolutionNode = FALSE
	EndGlobalSection
	GlobalSection(ExtensibilityGlobals) = postSolution
		SolutionGuid = {6A3AC105-CC8A-403A-9390-8A310D52DBF1}
	EndGlobalSection
EndGlobal
